// !$*UTF8*$!
{
	archiveVersion = 1;
	classes = {
	};
	objectVersion = 56;
	objects = {

/* Begin PBXBuildFile section */
		8128015F2B7F5A1A0058B96B /* main.cpp in Sources */ = {isa = PBXBuildFile; fileRef = 8128015E2B7F5A1A0058B96B /* main.cpp */; };
		812801682B7F5AB40058B96B /* Shape.cpp in Sources */ = {isa = PBXBuildFile; fileRef = 812801662B7F5AB40058B96B /* Shape.cpp */; };
		8128016B2B7F5AC00058B96B /* Circle.cpp in Sources */ = {isa = PBXBuildFile; fileRef = 812801692B7F5AC00058B96B /* Circle.cpp */; };
		8128016E2B7F5AD90058B96B /* Rectangle.cpp in Sources */ = {isa = PBXBuildFile; fileRef = 8128016C2B7F5AD90058B96B /* Rectangle.cpp */; };
/* End PBXBuildFile section */

/* Begin PBXCopyFilesBuildPhase section */
		812801592B7F5A1A0058B96B /* CopyFiles */ = {
			isa = PBXCopyFilesBuildPhase;
			buildActionMask = 2147483647;
			dstPath = /usr/share/man/man1/;
			dstSubfolderSpec = 0;
			files = (
			);
			runOnlyForDeploymentPostprocessing = 1;
		};
/* End PBXCopyFilesBuildPhase section */

/* Begin PBXFileReference section */
		8128015B2B7F5A1A0058B96B /* Coding Tasks_Polymorphism_Homework */ = {isa = PBXFileReference; explicitFileType = "compiled.mach-o.executable"; includeInIndex = 0; path = "Coding Tasks_Polymorphism_Homework"; sourceTree = BUILT_PRODUCTS_DIR; };
		8128015E2B7F5A1A0058B96B /* main.cpp */ = {isa = PBXFileReference; lastKnownFileType = sourcecode.cpp.cpp; path = main.cpp; sourceTree = "<group>"; };
		812801652B7F5A2D0058B96B /* Condition.h */ = {isa = PBXFileReference; lastKnownFileType = sourcecode.c.h; path = Condition.h; sourceTree = "<group>"; };
		812801662B7F5AB40058B96B /* Shape.cpp */ = {isa = PBXFileReference; lastKnownFileType = sourcecode.cpp.cpp; path = Shape.cpp; sourceTree = "<group>"; };
		812801672B7F5AB40058B96B /* Shape.hpp */ = {isa = PBXFileReference; lastKnownFileType = sourcecode.cpp.h; path = Shape.hpp; sourceTree = "<group>"; };
		812801692B7F5AC00058B96B /* Circle.cpp */ = {isa = PBXFileReference; lastKnownFileType = sourcecode.cpp.cpp; path = Circle.cpp; sourceTree = "<group>"; };
		8128016A2B7F5AC00058B96B /* Circle.hpp */ = {isa = PBXFileReference; lastKnownFileType = sourcecode.cpp.h; path = Circle.hpp; sourceTree = "<group>"; };
		8128016C2B7F5AD90058B96B /* Rectangle.cpp */ = {isa = PBXFileReference; lastKnownFileType = sourcecode.cpp.cpp; path = Rectangle.cpp; sourceTree = "<group>"; };
		8128016D2B7F5AD90058B96B /* Rectangle.hpp */ = {isa = PBXFileReference; lastKnownFileType = sourcecode.cpp.h; path = Rectangle.hpp; sourceTree = "<group>"; };
/* End PBXFileReference section */

/* Begin PBXFrameworksBuildPhase section */
		812801582B7F5A1A0058B96B /* Frameworks */ = {
			isa = PBXFrameworksBuildPhase;
			buildActionMask = 2147483647;
			files = (
			);
			runOnlyForDeploymentPostprocessing = 0;
		};
/* End PBXFrameworksBuildPhase section */

/* Begin PBXGroup section */
		812801522B7F5A1A0058B96B = {
			isa = PBXGroup;
			children = (
				8128015D2B7F5A1A0058B96B /* Coding Tasks_Polymorphism_Homework */,
				8128015C2B7F5A1A0058B96B /* Products */,
			);
			sourceTree = "<group>";
		};
		8128015C2B7F5A1A0058B96B /* Products */ = {
			isa = PBXGroup;
			children = (
				8128015B2B7F5A1A0058B96B /* Coding Tasks_Polymorphism_Homework */,
			);
			name = Products;
			sourceTree = "<group>";
		};
		8128015D2B7F5A1A0058B96B /* Coding Tasks_Polymorphism_Homework */ = {
			isa = PBXGroup;
			children = (
				8128016C2B7F5AD90058B96B /* Rectangle.cpp */,
				8128016D2B7F5AD90058B96B /* Rectangle.hpp */,
				812801692B7F5AC00058B96B /* Circle.cpp */,
				8128016A2B7F5AC00058B96B /* Circle.hpp */,
				812801662B7F5AB40058B96B /* Shape.cpp */,
				812801672B7F5AB40058B96B /* Shape.hpp */,
				812801652B7F5A2D0058B96B /* Condition.h */,
				8128015E2B7F5A1A0058B96B /* main.cpp */,
			);
			path = "Coding Tasks_Polymorphism_Homework";
			sourceTree = "<group>";
		};
/* End PBXGroup section */

/* Begin PBXNativeTarget section */
		8128015A2B7F5A1A0058B96B /* Coding Tasks_Polymorphism_Homework */ = {
			isa = PBXNativeTarget;
			buildConfigurationList = 812801622B7F5A1A0058B96B /* Build configuration list for PBXNativeTarget "Coding Tasks_Polymorphism_Homework" */;
			buildPhases = (
				812801572B7F5A1A0058B96B /* Sources */,
				812801582B7F5A1A0058B96B /* Frameworks */,
				812801592B7F5A1A0058B96B /* CopyFiles */,
			);
			buildRules = (
			);
			dependencies = (
			);
			name = "Coding Tasks_Polymorphism_Homework";
			productName = "Coding Tasks_Polymorphism_Homework";
			productReference = 8128015B2B7F5A1A0058B96B /* Coding Tasks_Polymorphism_Homework */;
			productType = "com.apple.product-type.tool";
		};
/* End PBXNativeTarget section */

/* Begin PBXProject section */
		812801532B7F5A1A0058B96B /* Project object */ = {
			isa = PBXProject;
			attributes = {
				BuildIndependentTargetsInParallel = 1;
				LastUpgradeCheck = 1430;
				TargetAttributes = {
					8128015A2B7F5A1A0058B96B = {
						CreatedOnToolsVersion = 14.3.1;
					};
				};
			};
			buildConfigurationList = 812801562B7F5A1A0058B96B /* Build configuration list for PBXProject "Coding Tasks_Polymorphism_Homework" */;
			compatibilityVersion = "Xcode 14.0";
			developmentRegion = en;
			hasScannedForEncodings = 0;
			knownRegions = (
				en,
				Base,
			);
			mainGroup = 812801522B7F5A1A0058B96B;
			productRefGroup = 8128015C2B7F5A1A0058B96B /* Products */;
			projectDirPath = "";
			projectRoot = "";
			targets = (
				8128015A2B7F5A1A0058B96B /* Coding Tasks_Polymorphism_Homework */,
			);
		};
/* End PBXProject section */

/* Begin PBXSourcesBuildPhase section */
		812801572B7F5A1A0058B96B /* Sources */ = {
			isa = PBXSourcesBuildPhase;
			buildActionMask = 2147483647;
			files = (
				8128015F2B7F5A1A0058B96B /* main.cpp in Sources */,
				8128016B2B7F5AC00058B96B /* Circle.cpp in Sources */,
				812801682B7F5AB40058B96B /* Shape.cpp in Sources */,
				8128016E2B7F5AD90058B96B /* Rectangle.cpp in Sources */,
			);
			runOnlyForDeploymentPostprocessing = 0;
		};
/* End PBXSourcesBuildPhase section */

/* Begin XCBuildConfiguration section */
		812801602B7F5A1A0058B96B /* Debug */ = {
			isa = XCBuildConfiguration;
			buildSettings = {
				ALWAYS_SEARCH_USER_PATHS = NO;
				CLANG_ANALYZER_NONNULL = YES;
				CLANG_ANALYZER_NUMBER_OBJECT_CONVERSION = YES_AGGRESSIVE;
				CLANG_CXX_LANGUAGE_STANDARD = "gnu++20";
				CLANG_ENABLE_MODULES = YES;
				CLANG_ENABLE_OBJC_ARC = YES;
				CLANG_ENABLE_OBJC_WEAK = YES;
				CLANG_WARN_BLOCK_CAPTURE_AUTORELEASING = YES;
				CLANG_WARN_BOOL_CONVERSION = YES;
				CLANG_WARN_COMMA = YES;
				CLANG_WARN_CONSTANT_CONVERSION = YES;
				CLANG_WARN_DEPRECATED_OBJC_IMPLEMENTATIONS = YES;
				CLANG_WARN_DIRECT_OBJC_ISA_USAGE = YES_ERROR;
				CLANG_WARN_DOCUMENTATION_COMMENTS = YES;
				CLANG_WARN_EMPTY_BODY = YES;
				CLANG_WARN_ENUM_CONVERSION = YES;
				CLANG_WARN_INFINITE_RECURSION = YES;
				CLANG_WARN_INT_CONVERSION = YES;
				CLANG_WARN_NON_LITERAL_NULL_CONVERSION = YES;
				CLANG_WARN_OBJC_IMPLICIT_RETAIN_SELF = YES;
				CLANG_WARN_OBJC_LITERAL_CONVERSION = YES;
				CLANG_WARN_OBJC_ROOT_CLASS = YES_ERROR;
				CLANG_WARN_QUOTED_INCLUDE_IN_FRAMEWORK_HEADER = YES;
				CLANG_WARN_RANGE_LOOP_ANALYSIS = YES;
				CLANG_WARN_STRICT_PROTOTYPES = YES;
				CLANG_WARN_SUSPICIOUS_MOVE = YES;
				CLANG_WARN_UNGUARDED_AVAILABILITY = YES_AGGRESSIVE;
				CLANG_WARN_UNREACHABLE_CODE = YES;
				CLANG_WARN__DUPLICATE_METHOD_MATCH = YES;
				COPY_PHASE_STRIP = NO;
				DEBUG_INFORMATION_FORMAT = dwarf;
				ENABLE_STRICT_OBJC_MSGSEND = YES;
				ENABLE_TESTABILITY = YES;
				GCC_C_LANGUAGE_STANDARD = gnu11;
				GCC_DYNAMIC_NO_PIC = NO;
				GCC_NO_COMMON_BLOCKS = YES;
				GCC_OPTIMIZATION_LEVEL = 0;
				GCC_PREPROCESSOR_DEFINITIONS = (
					"DEBUG=1",
					"$(inherited)",
				);
				GCC_WARN_64_TO_32_BIT_CONVERSION = YES;
				GCC_WARN_ABOUT_RETURN_TYPE = YES_ERROR;
				GCC_WARN_UNDECLARED_SELECTOR = YES;
				GCC_WARN_UNINITIALIZED_AUTOS = YES_AGGRESSIVE;
				GCC_WARN_UNUSED_FUNCTION = YES;
				GCC_WARN_UNUSED_VARIABLE = YES;
				MACOSX_DEPLOYMENT_TARGET = 13.2;
				MTL_ENABLE_DEBUG_INFO = INCLUDE_SOURCE;
				MTL_FAST_MATH = YES;
				ONLY_ACTIVE_ARCH = YES;
				SDKROOT = macosx;
			};
			name = Debug;
		};
		812801612B7F5A1A0058B96B /* Release */ = {
			isa = XCBuildConfiguration;
			buildSettings = {
				ALWAYS_SEARCH_USER_PATHS = NO;
				CLANG_ANALYZER_NONNULL = YES;
				CLANG_ANALYZER_NUMBER_OBJECT_CONVERSION = YES_AGGRESSIVE;
				CLANG_CXX_LANGUAGE_STANDARD = "gnu++20";
				CLANG_ENABLE_MODULES = YES;
				CLANG_ENABLE_OBJC_ARC = YES;
				CLANG_ENABLE_OBJC_WEAK = YES;
				CLANG_WARN_BLOCK_CAPTURE_AUTORELEASING = YES;
				CLANG_WARN_BOOL_CONVERSION = YES;
				CLANG_WARN_COMMA = YES;
				CLANG_WARN_CONSTANT_CONVERSION = YES;
				CLANG_WARN_DEPRECATED_OBJC_IMPLEMENTATIONS = YES;
				CLANG_WARN_DIRECT_OBJC_ISA_USAGE = YES_ERROR;
				CLANG_WARN_DOCUMENTATION_COMMENTS = YES;
				CLANG_WARN_EMPTY_BODY = YES;
				CLANG_WARN_ENUM_CONVERSION = YES;
				CLANG_WARN_INFINITE_RECURSION = YES;
				CLANG_WARN_INT_CONVERSION = YES;
				CLANG_WARN_NON_LITERAL_NULL_CONVERSION = YES;
				CLANG_WARN_OBJC_IMPLICIT_RETAIN_SELF = YES;
				CLANG_WARN_OBJC_LITERAL_CONVERSION = YES;
				CLANG_WARN_OBJC_ROOT_CLASS = YES_ERROR;
				CLANG_WARN_QUOTED_INCLUDE_IN_FRAMEWORK_HEADER = YES;
				CLANG_WARN_RANGE_LOOP_ANALYSIS = YES;
				CLANG_WARN_STRICT_PROTOTYPES = YES;
				CLANG_WARN_SUSPICIOUS_MOVE = YES;
				CLANG_WARN_UNGUARDED_AVAILABILITY = YES_AGGRESSIVE;
				CLANG_WARN_UNREACHABLE_CODE = YES;
				CLANG_WARN__DUPLICATE_METHOD_MATCH = YES;
				COPY_PHASE_STRIP = NO;
				DEBUG_INFORMATION_FORMAT = "dwarf-with-dsym";
				ENABLE_NS_ASSERTIONS = NO;
				ENABLE_STRICT_OBJC_MSGSEND = YES;
				GCC_C_LANGUAGE_STANDARD = gnu11;
				GCC_NO_COMMON_BLOCKS = YES;
				GCC_WARN_64_TO_32_BIT_CONVERSION = YES;
				GCC_WARN_ABOUT_RETURN_TYPE = YES_ERROR;
				GCC_WARN_UNDECLARED_SELECTOR = YES;
				GCC_WARN_UNINITIALIZED_AUTOS = YES_AGGRESSIVE;
				GCC_WARN_UNUSED_FUNCTION = YES;
				GCC_WARN_UNUSED_VARIABLE = YES;
				MACOSX_DEPLOYMENT_TARGET = 13.2;
				MTL_ENABLE_DEBUG_INFO = NO;
				MTL_FAST_MATH = YES;
				SDKROOT = macosx;
			};
			name = Release;
		};
		812801632B7F5A1A0058B96B /* Debug */ = {
			isa = XCBuildConfiguration;
			buildSettings = {
				CODE_SIGN_STYLE = Automatic;
				PRODUCT_NAME = "$(TARGET_NAME)";
			};
			name = Debug;
		};
		812801642B7F5A1A0058B96B /* Release */ = {
			isa = XCBuildConfiguration;
			buildSettings = {
				CODE_SIGN_STYLE = Automatic;
				PRODUCT_NAME = "$(TARGET_NAME)";
			};
			name = Release;
		};
/* End XCBuildConfiguration section */

/* Begin XCConfigurationList section */
		812801562B7F5A1A0058B96B /* Build configuration list for PBXProject "Coding Tasks_Polymorphism_Homework" */ = {
			isa = XCConfigurationList;
			buildConfigurations = (
				812801602B7F5A1A0058B96B /* Debug */,
				812801612B7F5A1A0058B96B /* Release */,
			);
			defaultConfigurationIsVisible = 0;
			defaultConfigurationName = Release;
		};
		812801622B7F5A1A0058B96B /* Build configuration list for PBXNativeTarget "Coding Tasks_Polymorphism_Homework" */ = {
			isa = XCConfigurationList;
			buildConfigurations = (
				812801632B7F5A1A0058B96B /* Debug */,
				812801642B7F5A1A0058B96B /* Release */,
			);
			defaultConfigurationIsVisible = 0;
			defaultConfigurationName = Release;
		};
/* End XCConfigurationList section */
	};
	rootObject = 812801532B7F5A1A0058B96B /* Project object */;
}
